
Microsoft Visual Studio Solution File, Format Version 11.00
# Visual Studio 2010
Project("{FAE04EC0-301F-11D3-BF4B-00C04F79EFBC}") = "MOBA", "MOBA\MOBA.csproj", "{81096242-6944-4441-88D0-62481874C0C7}"
EndProject
Global
	GlobalSection(SolutionConfigurationPlatforms) = preSolution
		Debug|x86 = Debug|x86
		Release|x86 = Release|x86
	EndGlobalSection
	GlobalSection(ProjectConfigurationPlatforms) = postSolution
		{81096242-6944-4441-88D0-62481874C0C7}.Debug|x86.ActiveCfg = Debug|x86
		{81096242-6944-4441-88D0-62481874C0C7}.Debug|x86.Build.0 = Debug|x86
		{81096242-6944-4441-88D0-62481874C0C7}.Release|x86.ActiveCfg = Release|x86
		{81096242-6944-4441-88D0-62481874C0C7}.Release|x86.Build.0 = Release|x86
	EndGlobalSection
	GlobalSection(MonoDevelopProperties) = preSolution
		StartupItem = MOBA\MOBA.csproj
	EndGlobalSection
EndGlobal
